
Microsoft Visual Studio Solution File, Format Version 12.00
# Visual Studio 2013
VisualStudioVersion = 12.0.31101.0
MinimumVisualStudioVersion = 10.0.40219.1
Project("{FAE04EC0-301F-11D3-BF4B-00C04F79EFBC}") = "Soru1Sinema", "Soru1Sinema\Soru1Sinema.csproj", "{41638602-A3E0-4F75-85C6-C005FA84448E}"
EndProject
Global
	GlobalSection(SolutionConfigurationPlatforms) = preSolution
		Debug|Any CPU = Debug|Any CPU
		Release|Any CPU = Release|Any CPU
	EndGlobalSection
	GlobalSection(ProjectConfigurationPlatforms) = postSolution
		{41638602-A3E0-4F75-85C6-C005FA84448E}.Debug|Any CPU.ActiveCfg = Debug|Any CPU
		{41638602-A3E0-4F75-85C6-C005FA84448E}.Debug|Any CPU.Build.0 = Debug|Any CPU
		{41638602-A3E0-4F75-85C6-C005FA84448E}.Release|Any CPU.ActiveCfg = Release|Any CPU
		{41638602-A3E0-4F75-85C6-C005FA84448E}.Release|Any CPU.Build.0 = Release|Any CPU
	EndGlobalSection
	GlobalSection(SolutionProperties) = preSolution
		HideSolutionNode = FALSE
	EndGlobalSection
EndGlobal
